Microsoft Visual Studio Solution File, Format Version 12.00
# Visual Studio 15
VisualStudioVersion = 15.0.28307.271
MinimumVisualStudioVersion = 10.0.40219.1
Project("{8BC9CEB8-8B4A-11D0-8D11-00A0C91BC942}") = "_glui library", "glui.vcxproj", "{304505FF-4A2A-471E-B163-17446985C98E}"
EndProject
Project("{8BC9CEB8-8B4A-11D0-8D11-00A0C91BC942}") = "example1", "example1.vcxproj", "{7DE9C1DC-6293-49CE-AC29-AADE92D03ADC}"
EndProject
Project("{8BC9CEB8-8B4A-11D0-8D11-00A0C91BC942}") = "example2", "example2.vcxproj", "{10FB199D-975A-4320-A09A-570C0E8A7890}"
EndProject
Project("{8BC9CEB8-8B4A-11D0-8D11-00A0C91BC942}") = "example3", "example3.vcxproj", "{A0DFF582-F13B-4CFB-95CE-A026A503BDD8}"
EndProject
Project("{8BC9CEB8-8B4A-11D0-8D11-00A0C91BC942}") = "example4", "example4.vcxproj", "{DE98CD9A-9830-46F8-835D-FB4D82182A7C}"
EndProject
Project("{8BC9CEB8-8B4A-11D0-8D11-00A0C91BC942}") = "example5", "example5.vcxproj", "{7574E15F-58D0-41DD-8EC2-D8EED683230F}"
EndProject
Project("{8BC9CEB8-8B4A-11D0-8D11-00A0C91BC942}") = "example6", "example6.vcxproj", "{A704EA69-CD8A-4D77-BF3B-2BC53299EE2D}"
EndProject
Project("{8BC9CEB8-8B4A-11D0-8D11-00A0C91BC942}") = "_gluidll library", "gluidll.vcxproj", "{5803648B-B9F4-4BEB-A954-3C3EB5AE9FF6}"
EndProject
Project("{2150E333-8FDC-42A3-9474-1A3956D46DE8}") = "Solution Items", "Solution Items", "{34210A6E-1A76-47DB-B092-9BCEDB5E5D4E}"
	ProjectSection(SolutionItems) = preProject
		README.txt = README.txt
	EndProjectSection
EndProject
Global
	GlobalSection(SolutionConfigurationPlatforms) = preSolution
		Debug GLUIDLL|x64 = Debug GLUIDLL|x64
		Debug|x64 = Debug|x64
		Release GLUIDLL|x64 = Release GLUIDLL|x64
		Release|x64 = Release|x64
	EndGlobalSection
	GlobalSection(ProjectConfigurationPlatforms) = postSolution
		{304505FF-4A2A-471E-B163-17446985C98E}.Debug GLUIDLL|x64.ActiveCfg = Release|x64
		{304505FF-4A2A-471E-B163-17446985C98E}.Debug GLUIDLL|x64.Build.0 = Release|x64
		{304505FF-4A2A-471E-B163-17446985C98E}.Debug|x64.ActiveCfg = Release|x64
		{304505FF-4A2A-471E-B163-17446985C98E}.Debug|x64.Build.0 = Release|x64
		{304505FF-4A2A-471E-B163-17446985C98E}.Release GLUIDLL|x64.ActiveCfg = Release|x64
		{304505FF-4A2A-471E-B163-17446985C98E}.Release GLUIDLL|x64.Build.0 = Release|x64
		{304505FF-4A2A-471E-B163-17446985C98E}.Release|x64.ActiveCfg = Release|x64
		{304505FF-4A2A-471E-B163-17446985C98E}.Release|x64.Build.0 = Release|x64
		{7DE9C1DC-6293-49CE-AC29-AADE92D03ADC}.Debug GLUIDLL|x64.ActiveCfg = Debug GLUIDLL|x64
		{7DE9C1DC-6293-49CE-AC29-AADE92D03ADC}.Debug GLUIDLL|x64.Build.0 = Debug GLUIDLL|x64
		{7DE9C1DC-6293-49CE-AC29-AADE92D03ADC}.Debug|x64.ActiveCfg = Debug GLUIDLL|x64
		{7DE9C1DC-6293-49CE-AC29-AADE92D03ADC}.Debug|x64.Build.0 = Debug GLUIDLL|x64
		{7DE9C1DC-6293-49CE-AC29-AADE92D03ADC}.Release GLUIDLL|x64.ActiveCfg = Debug GLUIDLL|x64
		{7DE9C1DC-6293-49CE-AC29-AADE92D03ADC}.Release GLUIDLL|x64.Build.0 = Debug GLUIDLL|x64
		{7DE9C1DC-6293-49CE-AC29-AADE92D03ADC}.Release|x64.ActiveCfg = Debug GLUIDLL|x64
		{7DE9C1DC-6293-49CE-AC29-AADE92D03ADC}.Release|x64.Build.0 = Debug GLUIDLL|x64
		{10FB199D-975A-4320-A09A-570C0E8A7890}.Debug GLUIDLL|x64.ActiveCfg = Debug GLUIDLL|x64
		{10FB199D-975A-4320-A09A-570C0E8A7890}.Debug GLUIDLL|x64.Build.0 = Debug GLUIDLL|x64
		{10FB199D-975A-4320-A09A-570C0E8A7890}.Debug|x64.ActiveCfg = Debug GLUIDLL|x64
		{10FB199D-975A-4320-A09A-570C0E8A7890}.Debug|x64.Build.0 = Debug GLUIDLL|x64
		{10FB199D-975A-4320-A09A-570C0E8A7890}.Release GLUIDLL|x64.ActiveCfg = Debug GLUIDLL|x64
		{10FB199D-975A-4320-A09A-570C0E8A7890}.Release GLUIDLL|x64.Build.0 = Debug GLUIDLL|x64
		{10FB199D-975A-4320-A09A-570C0E8A7890}.Release|x64.ActiveCfg = Debug GLUIDLL|x64
		{10FB199D-975A-4320-A09A-570C0E8A7890}.Release|x64.Build.0 = Debug GLUIDLL|x64
		{A0DFF582-F13B-4CFB-95CE-A026A503BDD8}.Debug GLUIDLL|x64.ActiveCfg = Debug GLUIDLL|x64
		{A0DFF582-F13B-4CFB-95CE-A026A503BDD8}.Debug GLUIDLL|x64.Build.0 = Debug GLUIDLL|x64
		{A0DFF582-F13B-4CFB-95CE-A026A503BDD8}.Debug|x64.ActiveCfg = Debug GLUIDLL|x64
		{A0DFF582-F13B-4CFB-95CE-A026A503BDD8}.Debug|x64.Build.0 = Debug GLUIDLL|x64
		{A0DFF582-F13B-4CFB-95CE-A026A503BDD8}.Release GLUIDLL|x64.ActiveCfg = Debug GLUIDLL|x64
		{A0DFF582-F13B-4CFB-95CE-A026A503BDD8}.Release GLUIDLL|x64.Build.0 = Debug GLUIDLL|x64
		{A0DFF582-F13B-4CFB-95CE-A026A503BDD8}.Release|x64.ActiveCfg = Debug GLUIDLL|x64
		{A0DFF582-F13B-4CFB-95CE-A026A503BDD8}.Release|x64.Build.0 = Debug GLUIDLL|x64
		{DE98CD9A-9830-46F8-835D-FB4D82182A7C}.Debug GLUIDLL|x64.ActiveCfg = Debug GLUIDLL|x64
		{DE98CD9A-9830-46F8-835D-FB4D82182A7C}.Debug GLUIDLL|x64.Build.0 = Debug GLUIDLL|x64
		{DE98CD9A-9830-46F8-835D-FB4D82182A7C}.Debug|x64.ActiveCfg = Debug GLUIDLL|x64
		{DE98CD9A-9830-46F8-835D-FB4D82182A7C}.Debug|x64.Build.0 = Debug GLUIDLL|x64
		{DE98CD9A-9830-46F8-835D-FB4D82182A7C}.Release GLUIDLL|x64.ActiveCfg = Debug GLUIDLL|x64
		{DE98CD9A-9830-46F8-835D-FB4D82182A7C}.Release GLUIDLL|x64.Build.0 = Debug GLUIDLL|x64
		{DE98CD9A-9830-46F8-835D-FB4D82182A7C}.Release|x64.ActiveCfg = Debug GLUIDLL|x64
		{DE98CD9A-9830-46F8-835D-FB4D82182A7C}.Release|x64.Build.0 = Debug GLUIDLL|x64
		{7574E15F-58D0-41DD-8EC2-D8EED683230F}.Debug GLUIDLL|x64.ActiveCfg = Debug GLUIDLL|x64
		{7574E15F-58D0-41DD-8EC2-D8EED683230F}.Debug GLUIDLL|x64.Build.0 = Debug GLUIDLL|x64
		{7574E15F-58D0-41DD-8EC2-D8EED683230F}.Debug|x64.ActiveCfg = Debug GLUIDLL|x64
		{7574E15F-58D0-41DD-8EC2-D8EED683230F}.Debug|x64.Build.0 = Debug GLUIDLL|x64
		{7574E15F-58D0-41DD-8EC2-D8EED683230F}.Release GLUIDLL|x64.ActiveCfg = Debug GLUIDLL|x64
		{7574E15F-58D0-41DD-8EC2-D8EED683230F}.Release GLUIDLL|x64.Build.0 = Debug GLUIDLL|x64
		{7574E15F-58D0-41DD-8EC2-D8EED683230F}.Release|x64.ActiveCfg = Debug GLUIDLL|x64
		{7574E15F-58D0-41DD-8EC2-D8EED683230F}.Release|x64.Build.0 = Debug GLUIDLL|x64
		{A704EA69-CD8A-4D77-BF3B-2BC53299EE2D}.Debug GLUIDLL|x64.ActiveCfg = Debug GLUIDLL|x64
		{A704EA69-CD8A-4D77-BF3B-2BC53299EE2D}.Debug GLUIDLL|x64.Build.0 = Debug GLUIDLL|x64
		{A704EA69-CD8A-4D77-BF3B-2BC53299EE2D}.Debug|x64.ActiveCfg = Debug GLUIDLL|x64
		{A704EA69-CD8A-4D77-BF3B-2BC53299EE2D}.Release GLUIDLL|x64.ActiveCfg = Debug GLUIDLL|x64
		{A704EA69-CD8A-4D77-BF3B-2BC53299EE2D}.Release|x64.ActiveCfg = Debug GLUIDLL|x64
		{5803648B-B9F4-4BEB-A954-3C3EB5AE9FF6}.Debug GLUIDLL|x64.ActiveCfg = Debug GLUIDLL|x64
		{5803648B-B9F4-4BEB-A954-3C3EB5AE9FF6}.Debug GLUIDLL|x64.Build.0 = Debug GLUIDLL|x64
		{5803648B-B9F4-4BEB-A954-3C3EB5AE9FF6}.Debug|x64.ActiveCfg = Debug GLUIDLL|x64
		{5803648B-B9F4-4BEB-A954-3C3EB5AE9FF6}.Debug|x64.Build.0 = Debug GLUIDLL|x64
		{5803648B-B9F4-4BEB-A954-3C3EB5AE9FF6}.Release GLUIDLL|x64.ActiveCfg = Debug GLUIDLL|x64
		{5803648B-B9F4-4BEB-A954-3C3EB5AE9FF6}.Release GLUIDLL|x64.Build.0 = Debug GLUIDLL|x64
		{5803648B-B9F4-4BEB-A954-3C3EB5AE9FF6}.Release|x64.ActiveCfg = Debug GLUIDLL|x64
		{5803648B-B9F4-4BEB-A954-3C3EB5AE9FF6}.Release|x64.Build.0 = Debug GLUIDLL|x64
	EndGlobalSection
	GlobalSection(SolutionProperties) = preSolution
		HideSolutionNode = FALSE
	EndGlobalSection
	GlobalSection(ExtensibilityGlobals) = postSolution
		SolutionGuid = {297C4EBA-963D-4536-93F9-331EC8A7E096}
	EndGlobalSection
EndGlobal
